# 고정 업스트림 참조 — 모든 테스트의 기준 (OpenMetadata OSS)
# 재획득: fixtures/fetch_upstream.sh
schema_version: 1
repository: open-metadata/OpenMetadata
mirror_url: https://github.com/open-metadata/OpenMetadata.git
mirror_path: /home/user/om-mirror        # repo 밖, 커밋하지 않음(blobless)

upstream_a:
  tag: 1.12.13-release
  sha: e6c665019a583b7938f30fbb7bafb7e1f82c5dd7
  local_ref: refs/tags/UPSTREAM_A

upstream_b:
  tag: 1.13.0-release
  sha: f329dd4a7e47134a2bd5a06af6181b0ee527ddd9
  local_ref: refs/tags/UPSTREAM_B

# 케이스 픽스처가 사용할 실제 OM 경로 (검증됨)
reference_paths:
  auth_code_dir: openmetadata-service/src/main/java/org/openmetadata/service/security/
  auth_schema_dir: openmetadata-spec/src/main/resources/json/schema/auth/
